{
  "name": "etherwallet",
  "version": "1.0.0",
  "lockfileVersion": 2,
  "requires": true,
  "packages": {
    "": {
      "name": "etherwallet",
      "version": "1.0.0",
      "license": "ISC",
      "dependencies": {
        "@enumatech/secp256k1-js": "^1.0.0",
        "bs58": "^5.0.0"
      }
    },
    "node_modules/@enumatech/secp256k1-js": {
      "version": "1.0.0",
      "resolved": "https://registry.npmjs.org/@enumatech/secp256k1-js/-/secp256k1-js-1.0.0.tgz",
      "integrity": "sha512-8LudvhidLtWjQWwkj1zXiuLhPGLMg/eVhmNHptsJOuqZDrHK5j2jDZOC9zkMVVO3zmWljCCrsmH0YZwH74Xh5g==",
      "dependencies": {
        "bn.js": "^4.11.8"
      }
    },
    "node_modules/base-x": {
      "version": "4.0.0",
      "resolved": "https://registry.npmjs.org/base-x/-/base-x-4.0.0.tgz",
      "integrity": "sha512-FuwxlW4H5kh37X/oW59pwTzzTKRzfrrQwhmyspRM7swOEZcHtDZSCt45U6oKgtuFE+WYPblePMVIPR4RZrh/hw=="
    },
    "node_modules/bn.js": {
      "version": "4.12.0",
      "resolved": "https://registry.npmjs.org/bn.js/-/bn.js-4.12.0.tgz",
      "integrity": "sha512-c98Bf3tPniI+scsdk237ku1Dc3ujXQTSgyiPUDEOe7tRkhrqridvh8klBv0HCEso1OLOYcHuCv/cS6DNxKH+ZA=="
    },
    "node_modules/bs58": {
      "version": "5.0.0",
      "resolved": "https://registry.npmjs.org/bs58/-/bs58-5.0.0.tgz",
      "integrity": "sha512-r+ihvQJvahgYT50JD05dyJNKlmmSlMoOGwn1lCcEzanPglg7TxYjioQUYehQ9mAR/+hOSd2jRc/Z2y5UxBymvQ==",
      "dependencies": {
        "base-x": "^4.0.0"
      }
    }
  },
  "dependencies": {
    "@enumatech/secp256k1-js": {
      "version": "1.0.0",
      "resolved": "https://registry.npmjs.org/@enumatech/secp256k1-js/-/secp256k1-js-1.0.0.tgz",
      "integrity": "sha512-8LudvhidLtWjQWwkj1zXiuLhPGLMg/eVhmNHptsJOuqZDrHK5j2jDZOC9zkMVVO3zmWljCCrsmH0YZwH74Xh5g==",
      "requires": {
        "bn.js": "^4.11.8"
      }
    },
    "base-x": {
      "version": "4.0.0",
      "resolved": "https://registry.npmjs.org/base-x/-/base-x-4.0.0.tgz",
      "integrity": "sha512-FuwxlW4H5kh37X/oW59pwTzzTKRzfrrQwhmyspRM7swOEZcHtDZSCt45U6oKgtuFE+WYPblePMVIPR4RZrh/hw=="
    },
    "bn.js": {
      "version": "4.12.0",
      "resolved": "https://registry.npmjs.org/bn.js/-/bn.js-4.12.0.tgz",
      "integrity": "sha512-c98Bf3tPniI+scsdk237ku1Dc3ujXQTSgyiPUDEOe7tRkhrqridvh8klBv0HCEso1OLOYcHuCv/cS6DNxKH+ZA=="
    },
    "bs58": {
      "version": "5.0.0",
      "resolved": "https://registry.npmjs.org/bs58/-/bs58-5.0.0.tgz",
      "integrity": "sha512-r+ihvQJvahgYT50JD05dyJNKlmmSlMoOGwn1lCcEzanPglg7TxYjioQUYehQ9mAR/+hOSd2jRc/Z2y5UxBymvQ==",
      "requires": {
        "base-x": "^4.0.0"
      }
    }
  }
}
